
Microsoft Visual Studio Solution File, Format Version 12.00
# Visual Studio Version 16
VisualStudioVersion = 16.0.32106.194
MinimumVisualStudioVersion = 10.0.40219.1
Project("{FAE04EC0-301F-11D3-BF4B-00C04F79EFBC}") = "XmlToJson", "XmlToJson\XmlToJson.csproj", "{62221391-2886-4AA0-962C-85C4A07527E3}"
EndProject
Global
	GlobalSection(SolutionConfigurationPlatforms) = preSolution
		Debug|Any CPU = Debug|Any CPU
		Release|Any CPU = Release|Any CPU
	EndGlobalSection
	GlobalSection(ProjectConfigurationPlatforms) = postSolution
		{62221391-2886-4AA0-962C-85C4A07527E3}.Debug|Any CPU.ActiveCfg = Debug|Any CPU
		{62221391-2886-4AA0-962C-85C4A07527E3}.Debug|Any CPU.Build.0 = Debug|Any CPU
		{62221391-2886-4AA0-962C-85C4A07527E3}.Release|Any CPU.ActiveCfg = Release|Any CPU
		{62221391-2886-4AA0-962C-85C4A07527E3}.Release|Any CPU.Build.0 = Release|Any CPU
	EndGlobalSection
	GlobalSection(SolutionProperties) = preSolution
		HideSolutionNode = FALSE
	EndGlobalSection
	GlobalSection(ExtensibilityGlobals) = postSolution
		SolutionGuid = {764B79FD-6C27-4182-8CEC-6AC5A812A4BB}
	EndGlobalSection
EndGlobal
